
Microsoft Visual Studio Solution File, Format Version 12.00
# Visual Studio Version 17
VisualStudioVersion = 17.7.34024.191
MinimumVisualStudioVersion = 10.0.40219.1
Project("{FAE04EC0-301F-11D3-BF4B-00C04F79EFBC}") = "Falcon Shop", "Falcon Shop.csproj", "{D5B7B8F1-0893-4193-B697-DB55760A8F4D}"
EndProject
Global
	GlobalSection(SolutionConfigurationPlatforms) = preSolution
		Debug|Any CPU = Debug|Any CPU
		Release|Any CPU = Release|Any CPU
	EndGlobalSection
	GlobalSection(ProjectConfigurationPlatforms) = postSolution
		{D5B7B8F1-0893-4193-B697-DB55760A8F4D}.Debug|Any CPU.ActiveCfg = Debug|Any CPU
		{D5B7B8F1-0893-4193-B697-DB55760A8F4D}.Debug|Any CPU.Build.0 = Debug|Any CPU
		{D5B7B8F1-0893-4193-B697-DB55760A8F4D}.Release|Any CPU.ActiveCfg = Release|Any CPU
		{D5B7B8F1-0893-4193-B697-DB55760A8F4D}.Release|Any CPU.Build.0 = Release|Any CPU
	EndGlobalSection
	GlobalSection(SolutionProperties) = preSolution
		HideSolutionNode = FALSE
	EndGlobalSection
	GlobalSection(ExtensibilityGlobals) = postSolution
		SolutionGuid = {7D9CC8DB-788B-4251-9876-432417494C86}
	EndGlobalSection
EndGlobal
